
Microsoft Visual Studio Solution File, Format Version 12.00
# Visual Studio 15
VisualStudioVersion = 15.0.27130.2020
MinimumVisualStudioVersion = 10.0.40219.1
Project("{FAE04EC0-301F-11D3-BF4B-00C04F79EFBC}") = "Vinetory", "Vinetory\Vinetory.csproj", "{9379FCA3-9057-4F8D-B40B-14D982A50122}"
EndProject
Global
	GlobalSection(SolutionConfigurationPlatforms) = preSolution
		Debug|Any CPU = Debug|Any CPU
		Release|Any CPU = Release|Any CPU
	EndGlobalSection
	GlobalSection(ProjectConfigurationPlatforms) = postSolution
		{9379FCA3-9057-4F8D-B40B-14D982A50122}.Debug|Any CPU.ActiveCfg = Debug|Any CPU
		{9379FCA3-9057-4F8D-B40B-14D982A50122}.Debug|Any CPU.Build.0 = Debug|Any CPU
		{9379FCA3-9057-4F8D-B40B-14D982A50122}.Release|Any CPU.ActiveCfg = Release|Any CPU
		{9379FCA3-9057-4F8D-B40B-14D982A50122}.Release|Any CPU.Build.0 = Release|Any CPU
	EndGlobalSection
	GlobalSection(SolutionProperties) = preSolution
		HideSolutionNode = FALSE
	EndGlobalSection
	GlobalSection(ExtensibilityGlobals) = postSolution
		SolutionGuid = {36229F56-AA8E-4332-BDA0-2165752506FC}
	EndGlobalSection
EndGlobal
